
Microsoft Visual Studio Solution File, Format Version 10.00
# Visual Studio 2008
Project("{8BC9CEB8-8B4A-11D0-8D11-00A0C91BC942}") = "APD", "APD\APD.vcproj", "{3F43FB2F-C38E-46E0-B408-79E17A2A4C2E}"
EndProject
Project("{8BC9CEB8-8B4A-11D0-8D11-00A0C91BC942}") = "APD_test", "APD_test\APD_test.vcproj", "{22606D6A-5D75-4846-809C-A2D653DDB657}"
	ProjectSection(ProjectDependencies) = postProject
		{3F43FB2F-C38E-46E0-B408-79E17A2A4C2E} = {3F43FB2F-C38E-46E0-B408-79E17A2A4C2E}
	EndProjectSection
EndProject
Global
	GlobalSection(SolutionConfigurationPlatforms) = preSolution
		Debug|Win32 = Debug|Win32
		Release|Win32 = Release|Win32
	EndGlobalSection
	GlobalSection(ProjectConfigurationPlatforms) = postSolution
		{3F43FB2F-C38E-46E0-B408-79E17A2A4C2E}.Debug|Win32.ActiveCfg = Debug|Win32
		{3F43FB2F-C38E-46E0-B408-79E17A2A4C2E}.Debug|Win32.Build.0 = Debug|Win32
		{3F43FB2F-C38E-46E0-B408-79E17A2A4C2E}.Release|Win32.ActiveCfg = Release|Win32
		{3F43FB2F-C38E-46E0-B408-79E17A2A4C2E}.Release|Win32.Build.0 = Release|Win32
		{22606D6A-5D75-4846-809C-A2D653DDB657}.Debug|Win32.ActiveCfg = Debug|Win32
		{22606D6A-5D75-4846-809C-A2D653DDB657}.Debug|Win32.Build.0 = Debug|Win32
		{22606D6A-5D75-4846-809C-A2D653DDB657}.Release|Win32.ActiveCfg = Release|Win32
		{22606D6A-5D75-4846-809C-A2D653DDB657}.Release|Win32.Build.0 = Release|Win32
	EndGlobalSection
	GlobalSection(SolutionProperties) = preSolution
		HideSolutionNode = FALSE
	EndGlobalSection
EndGlobal
